
Microsoft Visual Studio Solution File, Format Version 12.00
# Visual Studio Version 17
VisualStudioVersion = 17.11.35327.3
MinimumVisualStudioVersion = 10.0.40219.1
Project("{9A19103F-16F7-4668-BE54-9A1E7A4F7556}") = "Jannesen.Service", "Jannesen.Service.csproj", "{7DA934AF-CD26-4C8C-B109-014CCD668E64}"
EndProject
Project("{9A19103F-16F7-4668-BE54-9A1E7A4F7556}") = "Jannesen.Configuration.Settings", "..\Jannesen.Configuration.Settings\Jannesen.Configuration.Settings.csproj", "{9FDB9EEC-8CB6-4018-8E42-9C51819820FB}"
EndProject
Global
	GlobalSection(SolutionConfigurationPlatforms) = preSolution
		Debug|Any CPU = Debug|Any CPU
		Debug|x64 = Debug|x64
		Release|Any CPU = Release|Any CPU
		Release|x64 = Release|x64
	EndGlobalSection
	GlobalSection(ProjectConfigurationPlatforms) = postSolution
		{7DA934AF-CD26-4C8C-B109-014CCD668E64}.Debug|Any CPU.ActiveCfg = Debug|Any CPU
		{7DA934AF-CD26-4C8C-B109-014CCD668E64}.Debug|Any CPU.Build.0 = Debug|Any CPU
		{7DA934AF-CD26-4C8C-B109-014CCD668E64}.Debug|x64.ActiveCfg = Debug|x64
		{7DA934AF-CD26-4C8C-B109-014CCD668E64}.Debug|x64.Build.0 = Debug|x64
		{7DA934AF-CD26-4C8C-B109-014CCD668E64}.Release|Any CPU.ActiveCfg = Release|Any CPU
		{7DA934AF-CD26-4C8C-B109-014CCD668E64}.Release|Any CPU.Build.0 = Release|Any CPU
		{7DA934AF-CD26-4C8C-B109-014CCD668E64}.Release|x64.ActiveCfg = Release|x64
		{7DA934AF-CD26-4C8C-B109-014CCD668E64}.Release|x64.Build.0 = Release|x64
		{9FDB9EEC-8CB6-4018-8E42-9C51819820FB}.Debug|Any CPU.ActiveCfg = Debug|Any CPU
		{9FDB9EEC-8CB6-4018-8E42-9C51819820FB}.Debug|Any CPU.Build.0 = Debug|Any CPU
		{9FDB9EEC-8CB6-4018-8E42-9C51819820FB}.Debug|x64.ActiveCfg = Debug|Any CPU
		{9FDB9EEC-8CB6-4018-8E42-9C51819820FB}.Debug|x64.Build.0 = Debug|Any CPU
		{9FDB9EEC-8CB6-4018-8E42-9C51819820FB}.Release|Any CPU.ActiveCfg = Release|Any CPU
		{9FDB9EEC-8CB6-4018-8E42-9C51819820FB}.Release|Any CPU.Build.0 = Release|Any CPU
		{9FDB9EEC-8CB6-4018-8E42-9C51819820FB}.Release|x64.ActiveCfg = Release|Any CPU
		{9FDB9EEC-8CB6-4018-8E42-9C51819820FB}.Release|x64.Build.0 = Release|Any CPU
	EndGlobalSection
	GlobalSection(SolutionProperties) = preSolution
		HideSolutionNode = FALSE
	EndGlobalSection
	GlobalSection(ExtensibilityGlobals) = postSolution
		SolutionGuid = {E89C7B49-A2AB-4F43-B745-6FECE59AA02A}
	EndGlobalSection
EndGlobal
